PODS:
  - Alamofire (4.9.1)
  - CountryPickerSwift (1.8.2)
  - DropdownButton (0.1.1):
    - SnapKit (~> 5.0.0)
  - OHHTTPStubs/Core (9.1.0)
  - OHHTTPStubs/Default (9.1.0):
    - OHHTTPStubs/Core
    - OHHTTPStubs/JSON
    - OHHTTPStubs/NSURLSession
    - OHHTTPStubs/OHPathHelpers
  - OHHTTPStubs/JSON (9.1.0):
    - OHHTTPStubs/Core
  - OHHTTPStubs/NSURLSession (9.1.0):
    - OHHTTPStubs/Core
  - OHHTTPStubs/OHPathHelpers (9.1.0)
  - OHHTTPStubs/Swift (9.1.0):
    - OHHTTPStubs/Default
  - SnapKit (5.0.1)
  - SwiftyJSON (5.0.1)

DEPENDENCIES:
  - Alamofire (~> 4.9.1)
  - CountryPickerSwift
  - DropdownButton
  - OHHTTPStubs/Swift
  - SwiftyJSON

SPEC REPOS:
  trunk:
    - Alamofire
    - CountryPickerSwift
    - DropdownButton
    - OHHTTPStubs
    - SnapKit
    - SwiftyJSON

SPEC CHECKSUMS:
  Alamofire: 85e8a02c69d6020a0d734f6054870d7ecb75cf18
  CountryPickerSwift: b2cd8b391a0222bd9a97d09ea30426303adac810
  DropdownButton: 46000f008fad61db1b148ff866176606083a7c6d
  OHHTTPStubs: 90eac6d8f2c18317baeca36698523dc67c513831
  SnapKit: 97b92857e3df3a0c71833cce143274bf6ef8e5eb
  SwiftyJSON: 2f33a42c6fbc52764d96f13368585094bfd8aa5e

PODFILE CHECKSUM: 549e26e0ffdc166863b979ac3ee353feef614966

COCOAPODS: 1.10.2
